
Microsoft Visual Studio Solution File, Format Version 12.00
# Visual Studio Version 17
VisualStudioVersion = 17.3.32819.101
MinimumVisualStudioVersion = 10.0.40219.1
Project("{FAE04EC0-301F-11D3-BF4B-00C04F79EFBC}") = "Entidades", "Entidades\Entidades.csproj", "{A31A3406-21EA-4A58-8247-73C4E5900949}"
EndProject
Project("{FAE04EC0-301F-11D3-BF4B-00C04F79EFBC}") = "Presentacion_GUI", "Presentacion_GUI\Presentacion_GUI.csproj", "{EC6C3E7D-FF98-4488-BC52-8B21C935E9BA}"
EndProject
Project("{FAE04EC0-301F-11D3-BF4B-00C04F79EFBC}") = "Datos", "Datos\Datos.csproj", "{12370C1B-C251-45E9-A318-43E27155A668}"
EndProject
Project("{FAE04EC0-301F-11D3-BF4B-00C04F79EFBC}") = "Logica", "Logica\Logica.csproj", "{0CDDC79D-3A5A-439B-B2C9-6761910986EB}"
EndProject
Global
	GlobalSection(SolutionConfigurationPlatforms) = preSolution
		Debug|Any CPU = Debug|Any CPU
		Release|Any CPU = Release|Any CPU
	EndGlobalSection
	GlobalSection(ProjectConfigurationPlatforms) = postSolution
		{A31A3406-21EA-4A58-8247-73C4E5900949}.Debug|Any CPU.ActiveCfg = Debug|Any CPU
		{A31A3406-21EA-4A58-8247-73C4E5900949}.Debug|Any CPU.Build.0 = Debug|Any CPU
		{A31A3406-21EA-4A58-8247-73C4E5900949}.Release|Any CPU.ActiveCfg = Release|Any CPU
		{A31A3406-21EA-4A58-8247-73C4E5900949}.Release|Any CPU.Build.0 = Release|Any CPU
		{EC6C3E7D-FF98-4488-BC52-8B21C935E9BA}.Debug|Any CPU.ActiveCfg = Debug|Any CPU
		{EC6C3E7D-FF98-4488-BC52-8B21C935E9BA}.Debug|Any CPU.Build.0 = Debug|Any CPU
		{EC6C3E7D-FF98-4488-BC52-8B21C935E9BA}.Release|Any CPU.ActiveCfg = Release|Any CPU
		{EC6C3E7D-FF98-4488-BC52-8B21C935E9BA}.Release|Any CPU.Build.0 = Release|Any CPU
		{12370C1B-C251-45E9-A318-43E27155A668}.Debug|Any CPU.ActiveCfg = Debug|Any CPU
		{12370C1B-C251-45E9-A318-43E27155A668}.Debug|Any CPU.Build.0 = Debug|Any CPU
		{12370C1B-C251-45E9-A318-43E27155A668}.Release|Any CPU.ActiveCfg = Release|Any CPU
		{12370C1B-C251-45E9-A318-43E27155A668}.Release|Any CPU.Build.0 = Release|Any CPU
		{0CDDC79D-3A5A-439B-B2C9-6761910986EB}.Debug|Any CPU.ActiveCfg = Debug|Any CPU
		{0CDDC79D-3A5A-439B-B2C9-6761910986EB}.Debug|Any CPU.Build.0 = Debug|Any CPU
		{0CDDC79D-3A5A-439B-B2C9-6761910986EB}.Release|Any CPU.ActiveCfg = Release|Any CPU
		{0CDDC79D-3A5A-439B-B2C9-6761910986EB}.Release|Any CPU.Build.0 = Release|Any CPU
	EndGlobalSection
	GlobalSection(SolutionProperties) = preSolution
		HideSolutionNode = FALSE
	EndGlobalSection
	GlobalSection(ExtensibilityGlobals) = postSolution
		SolutionGuid = {466CF59E-D513-43A4-9DE7-4384B03CA14E}
	EndGlobalSection
EndGlobal
